# This file is generated by running "yarn install" inside your project.
# Manual changes might be lost - proceed with caution!

__metadata:
  version: 6
  cacheKey: 8

"@types/react@npm:^19.2.10":
  version: 19.2.10
  resolution: "@types/react@npm:19.2.10"
  dependencies:
    csstype: ^3.2.2
  checksum: d47df647fe594299b078a0ae0ef5bebd16969c19065986814e3cd38b1f062c7f2ae82ec90a0965fd1fb34139972a64fb87fca86f2ad88e547d718f2d3c0f68e3
  languageName: node
  linkType: hard

baseline-browser-mapping@latest:
  version: 2.9.19
  resolution: "baseline-browser-mapping@npm:2.9.19"
  bin:
    baseline-browser-mapping: dist/cli.js
  checksum: 5a9979a501f43d06188d6b4c1e5d540b3c5104d03439603af4bda0f1698b60ae2a44180fb7bdaeb9eea5118eb484a34e454211eb8cf0d104809fc668a0b2eb18
  languageName: node
  linkType: hard

"csstype@npm:^3.2.2":
  version: 3.2.3
  resolution: "csstype@npm:3.2.3"
  checksum: cb882521b3398958a1ce6ca98c011aec0bde1c77ecaf8a1dd4db3b112a189939beae3b1308243b2fe50fc27eb3edeb0f73a5a4d91d928765dc6d5ecc7bda92ee
  languageName: node
  linkType: hard

"root-workspace-0b6124@workspace:.":
  version: 0.0.0-use.local
  resolution: "root-workspace-0b6124@workspace:."
  dependencies:
    "@types/react": ^19.2.10
    baseline-browser-mapping: latest
  languageName: unknown
  linkType: soft
